// !$*UTF8*$!
{
	archiveVersion = 1;
	classes = {
	};
	objectVersion = 56;
	objects = {

/* Begin PBXBuildFile section */
		841AB4922A5C683C00D97845 /* CoordinatorWithNavStackApp.swift in Sources */ = {isa = PBXBuildFile; fileRef = 841AB4912A5C683C00D97845 /* CoordinatorWithNavStackApp.swift */; };
		841AB4962A5C683E00D97845 /* Assets.xcassets in Resources */ = {isa = PBXBuildFile; fileRef = 841AB4952A5C683E00D97845 /* Assets.xcassets */; };
		841AB49A2A5C683E00D97845 /* Preview Assets.xcassets in Resources */ = {isa = PBXBuildFile; fileRef = 841AB4992A5C683E00D97845 /* Preview Assets.xcassets */; };
		841AB4A12A5C68A500D97845 /* Coordinator.swift in Sources */ = {isa = PBXBuildFile; fileRef = 841AB4A02A5C68A500D97845 /* Coordinator.swift */; };
		84B2FFC22A5CB5800040752A /* BananaView.swift in Sources */ = {isa = PBXBuildFile; fileRef = 84B2FFC12A5CB5800040752A /* BananaView.swift */; };
		84B2FFC42A5CB5E70040752A /* CarrotView.swift in Sources */ = {isa = PBXBuildFile; fileRef = 84B2FFC32A5CB5E70040752A /* CarrotView.swift */; };
		84B2FFC62A5CB6020040752A /* LemonView.swift in Sources */ = {isa = PBXBuildFile; fileRef = 84B2FFC52A5CB6020040752A /* LemonView.swift */; };
		84B2FFC82A5CB60A0040752A /* OliveView.swift in Sources */ = {isa = PBXBuildFile; fileRef = 84B2FFC72A5CB60A0040752A /* OliveView.swift */; };
		84B2FFCA2A5CB6590040752A /* AppleView.swift in Sources */ = {isa = PBXBuildFile; fileRef = 84B2FFC92A5CB6590040752A /* AppleView.swift */; };
		84B2FFCC2A5CB6E30040752A /* CoordinatorView.swift in Sources */ = {isa = PBXBuildFile; fileRef = 84B2FFCB2A5CB6E30040752A /* CoordinatorView.swift */; };
/* End PBXBuildFile section */

/* Begin PBXFileReference section */
		841AB48E2A5C683C00D97845 /* CoordinatorWithNavStack.app */ = {isa = PBXFileReference; explicitFileType = wrapper.application; includeInIndex = 0; path = CoordinatorWithNavStack.app; sourceTree = BUILT_PRODUCTS_DIR; };
		841AB4912A5C683C00D97845 /* CoordinatorWithNavStackApp.swift */ = {isa = PBXFileReference; lastKnownFileType = sourcecode.swift; path = CoordinatorWithNavStackApp.swift; sourceTree = "<group>"; };
		841AB4952A5C683E00D97845 /* Assets.xcassets */ = {isa = PBXFileReference; lastKnownFileType = folder.assetcatalog; path = Assets.xcassets; sourceTree = "<group>"; };
		841AB4972A5C683E00D97845 /* CoordinatorWithNavStack.entitlements */ = {isa = PBXFileReference; lastKnownFileType = text.plist.entitlements; path = CoordinatorWithNavStack.entitlements; sourceTree = "<group>"; };
		841AB4992A5C683E00D97845 /* Preview Assets.xcassets */ = {isa = PBXFileReference; lastKnownFileType = folder.assetcatalog; path = "Preview Assets.xcassets"; sourceTree = "<group>"; };
		841AB4A02A5C68A500D97845 /* Coordinator.swift */ = {isa = PBXFileReference; lastKnownFileType = sourcecode.swift; path = Coordinator.swift; sourceTree = "<group>"; };
		84B2FFC12A5CB5800040752A /* BananaView.swift */ = {isa = PBXFileReference; lastKnownFileType = sourcecode.swift; path = BananaView.swift; sourceTree = "<group>"; };
		84B2FFC32A5CB5E70040752A /* CarrotView.swift */ = {isa = PBXFileReference; lastKnownFileType = sourcecode.swift; path = CarrotView.swift; sourceTree = "<group>"; };
		84B2FFC52A5CB6020040752A /* LemonView.swift */ = {isa = PBXFileReference; lastKnownFileType = sourcecode.swift; path = LemonView.swift; sourceTree = "<group>"; };
		84B2FFC72A5CB60A0040752A /* OliveView.swift */ = {isa = PBXFileReference; lastKnownFileType = sourcecode.swift; path = OliveView.swift; sourceTree = "<group>"; };
		84B2FFC92A5CB6590040752A /* AppleView.swift */ = {isa = PBXFileReference; lastKnownFileType = sourcecode.swift; path = AppleView.swift; sourceTree = "<group>"; };
		84B2FFCB2A5CB6E30040752A /* CoordinatorView.swift */ = {isa = PBXFileReference; lastKnownFileType = sourcecode.swift; path = CoordinatorView.swift; sourceTree = "<group>"; };
/* End PBXFileReference section */

/* Begin PBXFrameworksBuildPhase section */
		841AB48B2A5C683C00D97845 /* Frameworks */ = {
			isa = PBXFrameworksBuildPhase;
			buildActionMask = 2147483647;
			files = (
			);
			runOnlyForDeploymentPostprocessing = 0;
		};
/* End PBXFrameworksBuildPhase section */

/* Begin PBXGroup section */
		841AB4852A5C683C00D97845 = {
			isa = PBXGroup;
			children = (
				841AB4902A5C683C00D97845 /* CoordinatorWithNavStack */,
				841AB48F2A5C683C00D97845 /* Products */,
			);
			sourceTree = "<group>";
		};
		841AB48F2A5C683C00D97845 /* Products */ = {
			isa = PBXGroup;
			children = (
				841AB48E2A5C683C00D97845 /* CoordinatorWithNavStack.app */,
			);
			name = Products;
			sourceTree = "<group>";
		};
		841AB4902A5C683C00D97845 /* CoordinatorWithNavStack */ = {
			isa = PBXGroup;
			children = (
				841AB4912A5C683C00D97845 /* CoordinatorWithNavStackApp.swift */,
				84B2FFCD2A5D56870040752A /* Coordinator */,
				84B2FFC92A5CB6590040752A /* AppleView.swift */,
				84B2FFC12A5CB5800040752A /* BananaView.swift */,
				84B2FFC32A5CB5E70040752A /* CarrotView.swift */,
				84B2FFC52A5CB6020040752A /* LemonView.swift */,
				84B2FFC72A5CB60A0040752A /* OliveView.swift */,
				841AB4952A5C683E00D97845 /* Assets.xcassets */,
				841AB4972A5C683E00D97845 /* CoordinatorWithNavStack.entitlements */,
				841AB4982A5C683E00D97845 /* Preview Content */,
			);
			path = CoordinatorWithNavStack;
			sourceTree = "<group>";
		};
		841AB4982A5C683E00D97845 /* Preview Content */ = {
			isa = PBXGroup;
			children = (
				841AB4992A5C683E00D97845 /* Preview Assets.xcassets */,
			);
			path = "Preview Content";
			sourceTree = "<group>";
		};
		84B2FFCD2A5D56870040752A /* Coordinator */ = {
			isa = PBXGroup;
			children = (
				841AB4A02A5C68A500D97845 /* Coordinator.swift */,
				84B2FFCB2A5CB6E30040752A /* CoordinatorView.swift */,
			);
			path = Coordinator;
			sourceTree = "<group>";
		};
/* End PBXGroup section */

/* Begin PBXNativeTarget section */
		841AB48D2A5C683C00D97845 /* CoordinatorWithNavStack */ = {
			isa = PBXNativeTarget;
			buildConfigurationList = 841AB49D2A5C683E00D97845 /* Build configuration list for PBXNativeTarget "CoordinatorWithNavStack" */;
			buildPhases = (
				841AB48A2A5C683C00D97845 /* Sources */,
				841AB48B2A5C683C00D97845 /* Frameworks */,
				841AB48C2A5C683C00D97845 /* Resources */,
			);
			buildRules = (
			);
			dependencies = (
			);
			name = CoordinatorWithNavStack;
			productName = CoordinatorWithNavStack;
			productReference = 841AB48E2A5C683C00D97845 /* CoordinatorWithNavStack.app */;
			productType = "com.apple.product-type.application";
		};
/* End PBXNativeTarget section */

/* Begin PBXProject section */
		841AB4862A5C683C00D97845 /* Project object */ = {
			isa = PBXProject;
			attributes = {
				BuildIndependentTargetsInParallel = 1;
				LastSwiftUpdateCheck = 1500;
				LastUpgradeCheck = 1500;
				TargetAttributes = {
					841AB48D2A5C683C00D97845 = {
						CreatedOnToolsVersion = 15.0;
					};
				};
			};
			buildConfigurationList = 841AB4892A5C683C00D97845 /* Build configuration list for PBXProject "CoordinatorWithNavStack" */;
			compatibilityVersion = "Xcode 14.0";
			developmentRegion = en;
			hasScannedForEncodings = 0;
			knownRegions = (
				en,
				Base,
			);
			mainGroup = 841AB4852A5C683C00D97845;
			productRefGroup = 841AB48F2A5C683C00D97845 /* Products */;
			projectDirPath = "";
			projectRoot = "";
			targets = (
				841AB48D2A5C683C00D97845 /* CoordinatorWithNavStack */,
			);
		};
/* End PBXProject section */

/* Begin PBXResourcesBuildPhase section */
		841AB48C2A5C683C00D97845 /* Resources */ = {
			isa = PBXResourcesBuildPhase;
			buildActionMask = 2147483647;
			files = (
				841AB49A2A5C683E00D97845 /* Preview Assets.xcassets in Resources */,
				841AB4962A5C683E00D97845 /* Assets.xcassets in Resources */,
			);
			runOnlyForDeploymentPostprocessing = 0;
		};
/* End PBXResourcesBuildPhase section */

/* Begin PBXSourcesBuildPhase section */
		841AB48A2A5C683C00D97845 /* Sources */ = {
			isa = PBXSourcesBuildPhase;
			buildActionMask = 2147483647;
			files = (
				84B2FFCC2A5CB6E30040752A /* CoordinatorView.swift in Sources */,
				841AB4922A5C683C00D97845 /* CoordinatorWithNavStackApp.swift in Sources */,
				841AB4A12A5C68A500D97845 /* Coordinator.swift in Sources */,
				84B2FFC42A5CB5E70040752A /* CarrotView.swift in Sources */,
				84B2FFC62A5CB6020040752A /* LemonView.swift in Sources */,
				84B2FFC22A5CB5800040752A /* BananaView.swift in Sources */,
				84B2FFC82A5CB60A0040752A /* OliveView.swift in Sources */,
				84B2FFCA2A5CB6590040752A /* AppleView.swift in Sources */,
			);
			runOnlyForDeploymentPostprocessing = 0;
		};
/* End PBXSourcesBuildPhase section */

/* Begin XCBuildConfiguration section */
		841AB49B2A5C683E00D97845 /* Debug */ = {
			isa = XCBuildConfiguration;
			buildSettings = {
				ALWAYS_SEARCH_USER_PATHS = NO;
				ASSETCATALOG_COMPILER_GENERATE_SWIFT_ASSET_SYMBOL_EXTENSIONS = YES;
				CLANG_ANALYZER_NONNULL = YES;
				CLANG_ANALYZER_NUMBER_OBJECT_CONVERSION = YES_AGGRESSIVE;
				CLANG_CXX_LANGUAGE_STANDARD = "gnu++20";
				CLANG_ENABLE_MODULES = YES;
				CLANG_ENABLE_OBJC_ARC = YES;
				CLANG_ENABLE_OBJC_WEAK = YES;
				CLANG_WARN_BLOCK_CAPTURE_AUTORELEASING = YES;
				CLANG_WARN_BOOL_CONVERSION = YES;
				CLANG_WARN_COMMA = YES;
				CLANG_WARN_CONSTANT_CONVERSION = YES;
				CLANG_WARN_DEPRECATED_OBJC_IMPLEMENTATIONS = YES;
				CLANG_WARN_DIRECT_OBJC_ISA_USAGE = YES_ERROR;
				CLANG_WARN_DOCUMENTATION_COMMENTS = YES;
				CLANG_WARN_EMPTY_BODY = YES;
				CLANG_WARN_ENUM_CONVERSION = YES;
				CLANG_WARN_INFINITE_RECURSION = YES;
				CLANG_WARN_INT_CONVERSION = YES;
				CLANG_WARN_NON_LITERAL_NULL_CONVERSION = YES;
				CLANG_WARN_OBJC_IMPLICIT_RETAIN_SELF = YES;
				CLANG_WARN_OBJC_LITERAL_CONVERSION = YES;
				CLANG_WARN_OBJC_ROOT_CLASS = YES_ERROR;
				CLANG_WARN_QUOTED_INCLUDE_IN_FRAMEWORK_HEADER = YES;
				CLANG_WARN_RANGE_LOOP_ANALYSIS = YES;
				CLANG_WARN_STRICT_PROTOTYPES = YES;
				CLANG_WARN_SUSPICIOUS_MOVE = YES;
				CLANG_WARN_UNGUARDED_AVAILABILITY = YES_AGGRESSIVE;
				CLANG_WARN_UNREACHABLE_CODE = YES;
				CLANG_WARN__DUPLICATE_METHOD_MATCH = YES;
				COPY_PHASE_STRIP = NO;
				DEBUG_INFORMATION_FORMAT = dwarf;
				ENABLE_STRICT_OBJC_MSGSEND = YES;
				ENABLE_TESTABILITY = YES;
				ENABLE_USER_SCRIPT_SANDBOXING = YES;
				GCC_C_LANGUAGE_STANDARD = gnu17;
				GCC_DYNAMIC_NO_PIC = NO;
				GCC_NO_COMMON_BLOCKS = YES;
				GCC_OPTIMIZATION_LEVEL = 0;
				GCC_PREPROCESSOR_DEFINITIONS = (
					"DEBUG=1",
					"$(inherited)",
				);
				GCC_WARN_64_TO_32_BIT_CONVERSION = YES;
				GCC_WARN_ABOUT_RETURN_TYPE = YES_ERROR;
				GCC_WARN_UNDECLARED_SELECTOR = YES;
				GCC_WARN_UNINITIALIZED_AUTOS = YES_AGGRESSIVE;
				GCC_WARN_UNUSED_FUNCTION = YES;
				GCC_WARN_UNUSED_VARIABLE = YES;
				LOCALIZATION_PREFERS_STRING_CATALOGS = YES;
				MTL_ENABLE_DEBUG_INFO = INCLUDE_SOURCE;
				MTL_FAST_MATH = YES;
				ONLY_ACTIVE_ARCH = YES;
				SWIFT_ACTIVE_COMPILATION_CONDITIONS = "DEBUG $(inherited)";
				SWIFT_OPTIMIZATION_LEVEL = "-Onone";
			};
			name = Debug;
		};
		841AB49C2A5C683E00D97845 /* Release */ = {
			isa = XCBuildConfiguration;
			buildSettings = {
				ALWAYS_SEARCH_USER_PATHS = NO;
				ASSETCATALOG_COMPILER_GENERATE_SWIFT_ASSET_SYMBOL_EXTENSIONS = YES;
				CLANG_ANALYZER_NONNULL = YES;
				CLANG_ANALYZER_NUMBER_OBJECT_CONVERSION = YES_AGGRESSIVE;
				CLANG_CXX_LANGUAGE_STANDARD = "gnu++20";
				CLANG_ENABLE_MODULES = YES;
				CLANG_ENABLE_OBJC_ARC = YES;
				CLANG_ENABLE_OBJC_WEAK = YES;
				CLANG_WARN_BLOCK_CAPTURE_AUTORELEASING = YES;
				CLANG_WARN_BOOL_CONVERSION = YES;
				CLANG_WARN_COMMA = YES;
				CLANG_WARN_CONSTANT_CONVERSION = YES;
				CLANG_WARN_DEPRECATED_OBJC_IMPLEMENTATIONS = YES;
				CLANG_WARN_DIRECT_OBJC_ISA_USAGE = YES_ERROR;
				CLANG_WARN_DOCUMENTATION_COMMENTS = YES;
				CLANG_WARN_EMPTY_BODY = YES;
				CLANG_WARN_ENUM_CONVERSION = YES;
				CLANG_WARN_INFINITE_RECURSION = YES;
				CLANG_WARN_INT_CONVERSION = YES;
				CLANG_WARN_NON_LITERAL_NULL_CONVERSION = YES;
				CLANG_WARN_OBJC_IMPLICIT_RETAIN_SELF = YES;
				CLANG_WARN_OBJC_LITERAL_CONVERSION = YES;
				CLANG_WARN_OBJC_ROOT_CLASS = YES_ERROR;
				CLANG_WARN_QUOTED_INCLUDE_IN_FRAMEWORK_HEADER = YES;
				CLANG_WARN_RANGE_LOOP_ANALYSIS = YES;
				CLANG_WARN_STRICT_PROTOTYPES = YES;
				CLANG_WARN_SUSPICIOUS_MOVE = YES;
				CLANG_WARN_UNGUARDED_AVAILABILITY = YES_AGGRESSIVE;
				CLANG_WARN_UNREACHABLE_CODE = YES;
				CLANG_WARN__DUPLICATE_METHOD_MATCH = YES;
				COPY_PHASE_STRIP = NO;
				DEBUG_INFORMATION_FORMAT = "dwarf-with-dsym";
				ENABLE_NS_ASSERTIONS = NO;
				ENABLE_STRICT_OBJC_MSGSEND = YES;
				ENABLE_USER_SCRIPT_SANDBOXING = YES;
				GCC_C_LANGUAGE_STANDARD = gnu17;
				GCC_NO_COMMON_BLOCKS = YES;
				GCC_WARN_64_TO_32_BIT_CONVERSION = YES;
				GCC_WARN_ABOUT_RETURN_TYPE = YES_ERROR;
				GCC_WARN_UNDECLARED_SELECTOR = YES;
				GCC_WARN_UNINITIALIZED_AUTOS = YES_AGGRESSIVE;
				GCC_WARN_UNUSED_FUNCTION = YES;
				GCC_WARN_UNUSED_VARIABLE = YES;
				LOCALIZATION_PREFERS_STRING_CATALOGS = YES;
				MTL_ENABLE_DEBUG_INFO = NO;
				MTL_FAST_MATH = YES;
				SWIFT_COMPILATION_MODE = wholemodule;
			};
			name = Release;
		};
		841AB49E2A5C683E00D97845 /* Debug */ = {
			isa = XCBuildConfiguration;
			buildSettings = {
				ASSETCATALOG_COMPILER_APPICON_NAME = AppIcon;
				ASSETCATALOG_COMPILER_GLOBAL_ACCENT_COLOR_NAME = AccentColor;
				CODE_SIGN_ENTITLEMENTS = CoordinatorWithNavStack/CoordinatorWithNavStack.entitlements;
				CODE_SIGN_STYLE = Automatic;
				CURRENT_PROJECT_VERSION = 1;
				DEVELOPMENT_ASSET_PATHS = "\"CoordinatorWithNavStack/Preview Content\"";
				DEVELOPMENT_TEAM = 45BPS947ZY;
				ENABLE_HARDENED_RUNTIME = YES;
				ENABLE_PREVIEWS = YES;
				GENERATE_INFOPLIST_FILE = YES;
				"INFOPLIST_KEY_UIApplicationSceneManifest_Generation[sdk=iphoneos*]" = YES;
				"INFOPLIST_KEY_UIApplicationSceneManifest_Generation[sdk=iphonesimulator*]" = YES;
				"INFOPLIST_KEY_UIApplicationSupportsIndirectInputEvents[sdk=iphoneos*]" = YES;
				"INFOPLIST_KEY_UIApplicationSupportsIndirectInputEvents[sdk=iphonesimulator*]" = YES;
				"INFOPLIST_KEY_UILaunchScreen_Generation[sdk=iphoneos*]" = YES;
				"INFOPLIST_KEY_UILaunchScreen_Generation[sdk=iphonesimulator*]" = YES;
				"INFOPLIST_KEY_UIStatusBarStyle[sdk=iphoneos*]" = UIStatusBarStyleDefault;
				"INFOPLIST_KEY_UIStatusBarStyle[sdk=iphonesimulator*]" = UIStatusBarStyleDefault;
				INFOPLIST_KEY_UISupportedInterfaceOrientations = UIInterfaceOrientationPortrait;
				INFOPLIST_KEY_UISupportedInterfaceOrientations_iPad = "UIInterfaceOrientationPortrait UIInterfaceOrientationPortraitUpsideDown";
				IPHONEOS_DEPLOYMENT_TARGET = 16.0;
				LD_RUNPATH_SEARCH_PATHS = "@executable_path/Frameworks";
				"LD_RUNPATH_SEARCH_PATHS[sdk=macosx*]" = "@executable_path/../Frameworks";
				MACOSX_DEPLOYMENT_TARGET = 13.4;
				MARKETING_VERSION = 1.0;
				PRODUCT_BUNDLE_IDENTIFIER = "com.i0s-news.CoordinatorWithNavStack";
				PRODUCT_NAME = "$(TARGET_NAME)";
				SDKROOT = auto;
				SUPPORTED_PLATFORMS = "iphoneos iphonesimulator";
				SUPPORTS_MACCATALYST = NO;
				SUPPORTS_MAC_DESIGNED_FOR_IPHONE_IPAD = NO;
				SWIFT_EMIT_LOC_STRINGS = YES;
				SWIFT_VERSION = 5.0;
				TARGETED_DEVICE_FAMILY = 1;
			};
			name = Debug;
		};
		841AB49F2A5C683E00D97845 /* Release */ = {
			isa = XCBuildConfiguration;
			buildSettings = {
				ASSETCATALOG_COMPILER_APPICON_NAME = AppIcon;
				ASSETCATALOG_COMPILER_GLOBAL_ACCENT_COLOR_NAME = AccentColor;
				CODE_SIGN_ENTITLEMENTS = CoordinatorWithNavStack/CoordinatorWithNavStack.entitlements;
				CODE_SIGN_STYLE = Automatic;
				CURRENT_PROJECT_VERSION = 1;
				DEVELOPMENT_ASSET_PATHS = "\"CoordinatorWithNavStack/Preview Content\"";
				DEVELOPMENT_TEAM = 45BPS947ZY;
				ENABLE_HARDENED_RUNTIME = YES;
				ENABLE_PREVIEWS = YES;
				GENERATE_INFOPLIST_FILE = YES;
				"INFOPLIST_KEY_UIApplicationSceneManifest_Generation[sdk=iphoneos*]" = YES;
				"INFOPLIST_KEY_UIApplicationSceneManifest_Generation[sdk=iphonesimulator*]" = YES;
				"INFOPLIST_KEY_UIApplicationSupportsIndirectInputEvents[sdk=iphoneos*]" = YES;
				"INFOPLIST_KEY_UIApplicationSupportsIndirectInputEvents[sdk=iphonesimulator*]" = YES;
				"INFOPLIST_KEY_UILaunchScreen_Generation[sdk=iphoneos*]" = YES;
				"INFOPLIST_KEY_UILaunchScreen_Generation[sdk=iphonesimulator*]" = YES;
				"INFOPLIST_KEY_UIStatusBarStyle[sdk=iphoneos*]" = UIStatusBarStyleDefault;
				"INFOPLIST_KEY_UIStatusBarStyle[sdk=iphonesimulator*]" = UIStatusBarStyleDefault;
				INFOPLIST_KEY_UISupportedInterfaceOrientations = UIInterfaceOrientationPortrait;
				INFOPLIST_KEY_UISupportedInterfaceOrientations_iPad = "UIInterfaceOrientationPortrait UIInterfaceOrientationPortraitUpsideDown";
				IPHONEOS_DEPLOYMENT_TARGET = 16.0;
				LD_RUNPATH_SEARCH_PATHS = "@executable_path/Frameworks";
				"LD_RUNPATH_SEARCH_PATHS[sdk=macosx*]" = "@executable_path/../Frameworks";
				MACOSX_DEPLOYMENT_TARGET = 13.4;
				MARKETING_VERSION = 1.0;
				PRODUCT_BUNDLE_IDENTIFIER = "com.i0s-news.CoordinatorWithNavStack";
				PRODUCT_NAME = "$(TARGET_NAME)";
				SDKROOT = auto;
				SUPPORTED_PLATFORMS = "iphoneos iphonesimulator";
				SUPPORTS_MACCATALYST = NO;
				SUPPORTS_MAC_DESIGNED_FOR_IPHONE_IPAD = NO;
				SWIFT_EMIT_LOC_STRINGS = YES;
				SWIFT_VERSION = 5.0;
				TARGETED_DEVICE_FAMILY = 1;
			};
			name = Release;
		};
/* End XCBuildConfiguration section */

/* Begin XCConfigurationList section */
		841AB4892A5C683C00D97845 /* Build configuration list for PBXProject "CoordinatorWithNavStack" */ = {
			isa = XCConfigurationList;
			buildConfigurations = (
				841AB49B2A5C683E00D97845 /* Debug */,
				841AB49C2A5C683E00D97845 /* Release */,
			);
			defaultConfigurationIsVisible = 0;
			defaultConfigurationName = Release;
		};
		841AB49D2A5C683E00D97845 /* Build configuration list for PBXNativeTarget "CoordinatorWithNavStack" */ = {
			isa = XCConfigurationList;
			buildConfigurations = (
				841AB49E2A5C683E00D97845 /* Debug */,
				841AB49F2A5C683E00D97845 /* Release */,
			);
			defaultConfigurationIsVisible = 0;
			defaultConfigurationName = Release;
		};
/* End XCConfigurationList section */
	};
	rootObject = 841AB4862A5C683C00D97845 /* Project object */;
}
